
Microsoft Visual Studio Solution File, Format Version 12.00
# Visual Studio Version 16
VisualStudioVersion = 16.0.30503.244
MinimumVisualStudioVersion = 10.0.40219.1
Project("{9A19103F-16F7-4668-BE54-9A1E7A4F7556}") = "SportStore", "SportStore.csproj", "{96D9CC01-AF3B-499A-BEAD-99A8C8CD89F4}"
EndProject
Project("{2150E333-8FDC-42A3-9474-1A3956D46DE8}") = "src", "src", "{081A7F6A-2F3E-4A59-B6CC-E9FA8B6F2906}"
EndProject
Project("{2150E333-8FDC-42A3-9474-1A3956D46DE8}") = "test", "test", "{F2104AA1-635D-4145-88AD-8000D73C4AE6}"
EndProject
Project("{9A19103F-16F7-4668-BE54-9A1E7A4F7556}") = "SportStore.Test", "..\SportStore.Test\SportStore.Test.csproj", "{ABA3A7AD-477C-43D4-9358-83AD83689AFA}"
EndProject
Global
	GlobalSection(SolutionConfigurationPlatforms) = preSolution
		Debug|Any CPU = Debug|Any CPU
		Release|Any CPU = Release|Any CPU
	EndGlobalSection
	GlobalSection(ProjectConfigurationPlatforms) = postSolution
		{96D9CC01-AF3B-499A-BEAD-99A8C8CD89F4}.Debug|Any CPU.ActiveCfg = Debug|Any CPU
		{96D9CC01-AF3B-499A-BEAD-99A8C8CD89F4}.Debug|Any CPU.Build.0 = Debug|Any CPU
		{96D9CC01-AF3B-499A-BEAD-99A8C8CD89F4}.Release|Any CPU.ActiveCfg = Release|Any CPU
		{96D9CC01-AF3B-499A-BEAD-99A8C8CD89F4}.Release|Any CPU.Build.0 = Release|Any CPU
		{ABA3A7AD-477C-43D4-9358-83AD83689AFA}.Debug|Any CPU.ActiveCfg = Debug|Any CPU
		{ABA3A7AD-477C-43D4-9358-83AD83689AFA}.Debug|Any CPU.Build.0 = Debug|Any CPU
		{ABA3A7AD-477C-43D4-9358-83AD83689AFA}.Release|Any CPU.ActiveCfg = Release|Any CPU
		{ABA3A7AD-477C-43D4-9358-83AD83689AFA}.Release|Any CPU.Build.0 = Release|Any CPU
	EndGlobalSection
	GlobalSection(SolutionProperties) = preSolution
		HideSolutionNode = FALSE
	EndGlobalSection
	GlobalSection(NestedProjects) = preSolution
		{96D9CC01-AF3B-499A-BEAD-99A8C8CD89F4} = {081A7F6A-2F3E-4A59-B6CC-E9FA8B6F2906}
		{ABA3A7AD-477C-43D4-9358-83AD83689AFA} = {F2104AA1-635D-4145-88AD-8000D73C4AE6}
	EndGlobalSection
	GlobalSection(ExtensibilityGlobals) = postSolution
		SolutionGuid = {049B2453-D0C6-4A03-B862-29E3B42B9A3E}
	EndGlobalSection
EndGlobal
