
Microsoft Visual Studio Solution File, Format Version 12.00
# Visual Studio Version 16
VisualStudioVersion = 16.0.30503.244
MinimumVisualStudioVersion = 10.0.40219.1
Project("{FAE04EC0-301F-11D3-BF4B-00C04F79EFBC}") = "Platform", "Platform.csproj", "{C112927C-67DD-4C28-A6CC-B86A945D948F}"
EndProject
Global
	GlobalSection(SolutionConfigurationPlatforms) = preSolution
		Debug|Any CPU = Debug|Any CPU
		Release|Any CPU = Release|Any CPU
	EndGlobalSection
	GlobalSection(ProjectConfigurationPlatforms) = postSolution
		{C112927C-67DD-4C28-A6CC-B86A945D948F}.Debug|Any CPU.ActiveCfg = Debug|Any CPU
		{C112927C-67DD-4C28-A6CC-B86A945D948F}.Debug|Any CPU.Build.0 = Debug|Any CPU
		{C112927C-67DD-4C28-A6CC-B86A945D948F}.Release|Any CPU.ActiveCfg = Release|Any CPU
		{C112927C-67DD-4C28-A6CC-B86A945D948F}.Release|Any CPU.Build.0 = Release|Any CPU
	EndGlobalSection
	GlobalSection(SolutionProperties) = preSolution
		HideSolutionNode = FALSE
	EndGlobalSection
	GlobalSection(ExtensibilityGlobals) = postSolution
		SolutionGuid = {AFE0EBFC-B5DF-441B-96AD-74674896B3C0}
	EndGlobalSection
EndGlobal
